{
  "name": "ws",
  "version": "1.0.0",
  "lockfileVersion": 3,
  "requires": true,
  "packages": {
    "": {
      "name": "ws",
      "version": "1.0.0",
      "license": "ISC",
      "workspaces": [
        "a",
        "b",
        "cli"
      ]
    },
    "a": {
      "name": "@tyler4400/test-a",
      "version": "1.0.0",
      "license": "ISC",
      "dependencies": {
        "chalk": "^5.4.1"
      }
    },
    "b": {
      "name": "@tyler4400/test-b",
      "version": "1.0.0",
      "license": "ISC",
      "dependencies": {
        "chalk": "^5.4.1"
      }
    },
    "cli": {
      "name": "@tyler4400/test-cli",
      "version": "1.0.0",
      "license": "ISC",
      "devDependencies": {}
    },
    "node_modules/@tyler4400/test-a": {
      "resolved": "a",
      "link": true
    },
    "node_modules/@tyler4400/test-b": {
      "resolved": "b",
      "link": true
    },
    "node_modules/@tyler4400/test-cli": {
      "resolved": "cli",
      "link": true
    },
    "node_modules/chalk": {
      "version": "5.4.1",
      "resolved": "https://registry.npmjs.org/chalk/-/chalk-5.4.1.tgz",
      "integrity": "sha512-zgVZuo2WcZgfUEmsn6eO3kINexW8RAE4maiQ8QNs8CtpPCSyMiYsULR3HQYkm3w8FIA3SberyMJMSldGsW+U3w==",
      "license": "MIT",
      "engines": {
        "node": "^12.17.0 || ^14.13 || >=16.0.0"
      },
      "funding": {
        "url": "https://github.com/chalk/chalk?sponsor=1"
      }
    }
  }
}
